
Microsoft Visual Studio Solution File, Format Version 12.00
# Visual Studio Version 16
VisualStudioVersion = 16.0.29613.14
MinimumVisualStudioVersion = 10.0.40219.1
Project("{FAE04EC0-301F-11D3-BF4B-00C04F79EFBC}") = "issue44", "issue44\issue44.csproj", "{7AB50312-5BD5-4755-A37F-777BA8A79DA6}"
EndProject
Global
	GlobalSection(SolutionConfigurationPlatforms) = preSolution
		Debug|Any CPU = Debug|Any CPU
		Release|Any CPU = Release|Any CPU
	EndGlobalSection
	GlobalSection(ProjectConfigurationPlatforms) = postSolution
		{7AB50312-5BD5-4755-A37F-777BA8A79DA6}.Debug|Any CPU.ActiveCfg = Debug|Any CPU
		{7AB50312-5BD5-4755-A37F-777BA8A79DA6}.Debug|Any CPU.Build.0 = Debug|Any CPU
		{7AB50312-5BD5-4755-A37F-777BA8A79DA6}.Release|Any CPU.ActiveCfg = Release|Any CPU
		{7AB50312-5BD5-4755-A37F-777BA8A79DA6}.Release|Any CPU.Build.0 = Release|Any CPU
	EndGlobalSection
	GlobalSection(SolutionProperties) = preSolution
		HideSolutionNode = FALSE
	EndGlobalSection
	GlobalSection(ExtensibilityGlobals) = postSolution
		SolutionGuid = {B6588EB1-6580-4D73-A328-7DB22815EE28}
	EndGlobalSection
EndGlobal
