
Microsoft Visual Studio Solution File, Format Version 12.00
# Visual Studio Version 16
VisualStudioVersion = 16.0.29613.14
MinimumVisualStudioVersion = 10.0.40219.1
Project("{FAE04EC0-301F-11D3-BF4B-00C04F79EFBC}") = "issue42", "issue42\issue42.csproj", "{87C1ACB0-2554-4001-8192-7A0A0718B250}"
EndProject
Global
	GlobalSection(SolutionConfigurationPlatforms) = preSolution
		Debug|Any CPU = Debug|Any CPU
		Release|Any CPU = Release|Any CPU
	EndGlobalSection
	GlobalSection(ProjectConfigurationPlatforms) = postSolution
		{87C1ACB0-2554-4001-8192-7A0A0718B250}.Debug|Any CPU.ActiveCfg = Debug|Any CPU
		{87C1ACB0-2554-4001-8192-7A0A0718B250}.Debug|Any CPU.Build.0 = Debug|Any CPU
		{87C1ACB0-2554-4001-8192-7A0A0718B250}.Release|Any CPU.ActiveCfg = Release|Any CPU
		{87C1ACB0-2554-4001-8192-7A0A0718B250}.Release|Any CPU.Build.0 = Release|Any CPU
	EndGlobalSection
	GlobalSection(SolutionProperties) = preSolution
		HideSolutionNode = FALSE
	EndGlobalSection
	GlobalSection(ExtensibilityGlobals) = postSolution
		SolutionGuid = {91A9E9F7-4FA9-4620-AC12-9310601041A8}
	EndGlobalSection
EndGlobal
