
Microsoft Visual Studio Solution File, Format Version 12.00
# Visual Studio Version 16
VisualStudioVersion = 16.0.29613.14
MinimumVisualStudioVersion = 10.0.40219.1
Project("{FAE04EC0-301F-11D3-BF4B-00C04F79EFBC}") = "issue94", "issue94\issue94.csproj", "{86F6A987-F4AE-4119-B6AC-71CDEEF718CA}"
EndProject
Global
	GlobalSection(SolutionConfigurationPlatforms) = preSolution
		Debug|Any CPU = Debug|Any CPU
		Release|Any CPU = Release|Any CPU
	EndGlobalSection
	GlobalSection(ProjectConfigurationPlatforms) = postSolution
		{86F6A987-F4AE-4119-B6AC-71CDEEF718CA}.Debug|Any CPU.ActiveCfg = Debug|Any CPU
		{86F6A987-F4AE-4119-B6AC-71CDEEF718CA}.Debug|Any CPU.Build.0 = Debug|Any CPU
		{86F6A987-F4AE-4119-B6AC-71CDEEF718CA}.Release|Any CPU.ActiveCfg = Release|Any CPU
		{86F6A987-F4AE-4119-B6AC-71CDEEF718CA}.Release|Any CPU.Build.0 = Release|Any CPU
	EndGlobalSection
	GlobalSection(SolutionProperties) = preSolution
		HideSolutionNode = FALSE
	EndGlobalSection
	GlobalSection(ExtensibilityGlobals) = postSolution
		SolutionGuid = {6E55F706-6E78-4CF2-8D54-90B159272D79}
	EndGlobalSection
EndGlobal
