
Microsoft Visual Studio Solution File, Format Version 12.00
# Visual Studio Version 16
VisualStudioVersion = 16.0.29613.14
MinimumVisualStudioVersion = 10.0.40219.1
Project("{FAE04EC0-301F-11D3-BF4B-00C04F79EFBC}") = "issue62", "issue62\issue62.csproj", "{7063B338-5010-4D64-B713-249F1BA2BC4B}"
EndProject
Global
	GlobalSection(SolutionConfigurationPlatforms) = preSolution
		Debug|Any CPU = Debug|Any CPU
		Release|Any CPU = Release|Any CPU
	EndGlobalSection
	GlobalSection(ProjectConfigurationPlatforms) = postSolution
		{7063B338-5010-4D64-B713-249F1BA2BC4B}.Debug|Any CPU.ActiveCfg = Debug|Any CPU
		{7063B338-5010-4D64-B713-249F1BA2BC4B}.Debug|Any CPU.Build.0 = Debug|Any CPU
		{7063B338-5010-4D64-B713-249F1BA2BC4B}.Release|Any CPU.ActiveCfg = Release|Any CPU
		{7063B338-5010-4D64-B713-249F1BA2BC4B}.Release|Any CPU.Build.0 = Release|Any CPU
	EndGlobalSection
	GlobalSection(SolutionProperties) = preSolution
		HideSolutionNode = FALSE
	EndGlobalSection
	GlobalSection(ExtensibilityGlobals) = postSolution
		SolutionGuid = {D66A9649-8981-456C-8E64-1A1DE9792C0A}
	EndGlobalSection
EndGlobal
