
Microsoft Visual Studio Solution File, Format Version 12.00
# Visual Studio Version 16
VisualStudioVersion = 16.0.29613.14
MinimumVisualStudioVersion = 10.0.40219.1
Project("{FAE04EC0-301F-11D3-BF4B-00C04F79EFBC}") = "issue79", "issue79\issue79.csproj", "{48E53508-AC38-4E33-8576-3B575E1FBBC5}"
EndProject
Global
	GlobalSection(SolutionConfigurationPlatforms) = preSolution
		Debug|Any CPU = Debug|Any CPU
		Release|Any CPU = Release|Any CPU
	EndGlobalSection
	GlobalSection(ProjectConfigurationPlatforms) = postSolution
		{48E53508-AC38-4E33-8576-3B575E1FBBC5}.Debug|Any CPU.ActiveCfg = Debug|Any CPU
		{48E53508-AC38-4E33-8576-3B575E1FBBC5}.Debug|Any CPU.Build.0 = Debug|Any CPU
		{48E53508-AC38-4E33-8576-3B575E1FBBC5}.Release|Any CPU.ActiveCfg = Release|Any CPU
		{48E53508-AC38-4E33-8576-3B575E1FBBC5}.Release|Any CPU.Build.0 = Release|Any CPU
	EndGlobalSection
	GlobalSection(SolutionProperties) = preSolution
		HideSolutionNode = FALSE
	EndGlobalSection
	GlobalSection(ExtensibilityGlobals) = postSolution
		SolutionGuid = {45D559BF-7616-4407-8911-153FC3524FCA}
	EndGlobalSection
EndGlobal
