
Microsoft Visual Studio Solution File, Format Version 12.00
# Visual Studio Version 16
VisualStudioVersion = 16.0.29613.14
MinimumVisualStudioVersion = 10.0.40219.1
Project("{FAE04EC0-301F-11D3-BF4B-00C04F79EFBC}") = "issue28", "issue28\issue28.csproj", "{FAEA82C8-6C10-4084-9D79-346B72F6612B}"
EndProject
Global
	GlobalSection(SolutionConfigurationPlatforms) = preSolution
		Debug|Any CPU = Debug|Any CPU
		Release|Any CPU = Release|Any CPU
	EndGlobalSection
	GlobalSection(ProjectConfigurationPlatforms) = postSolution
		{FAEA82C8-6C10-4084-9D79-346B72F6612B}.Debug|Any CPU.ActiveCfg = Debug|Any CPU
		{FAEA82C8-6C10-4084-9D79-346B72F6612B}.Debug|Any CPU.Build.0 = Debug|Any CPU
		{FAEA82C8-6C10-4084-9D79-346B72F6612B}.Release|Any CPU.ActiveCfg = Release|Any CPU
		{FAEA82C8-6C10-4084-9D79-346B72F6612B}.Release|Any CPU.Build.0 = Release|Any CPU
	EndGlobalSection
	GlobalSection(SolutionProperties) = preSolution
		HideSolutionNode = FALSE
	EndGlobalSection
	GlobalSection(ExtensibilityGlobals) = postSolution
		SolutionGuid = {E8FEF0B7-5931-4757-8883-BD51B619B3F9}
	EndGlobalSection
EndGlobal
