
Microsoft Visual Studio Solution File, Format Version 12.00
# Visual Studio Version 16
VisualStudioVersion = 16.0.29613.14
MinimumVisualStudioVersion = 10.0.40219.1
Project("{FAE04EC0-301F-11D3-BF4B-00C04F79EFBC}") = "issue76", "issue76\issue76.csproj", "{7400E023-DAD9-463C-984F-650B3ADC2A33}"
EndProject
Global
	GlobalSection(SolutionConfigurationPlatforms) = preSolution
		Debug|Any CPU = Debug|Any CPU
		Release|Any CPU = Release|Any CPU
	EndGlobalSection
	GlobalSection(ProjectConfigurationPlatforms) = postSolution
		{7400E023-DAD9-463C-984F-650B3ADC2A33}.Debug|Any CPU.ActiveCfg = Debug|Any CPU
		{7400E023-DAD9-463C-984F-650B3ADC2A33}.Debug|Any CPU.Build.0 = Debug|Any CPU
		{7400E023-DAD9-463C-984F-650B3ADC2A33}.Release|Any CPU.ActiveCfg = Release|Any CPU
		{7400E023-DAD9-463C-984F-650B3ADC2A33}.Release|Any CPU.Build.0 = Release|Any CPU
	EndGlobalSection
	GlobalSection(SolutionProperties) = preSolution
		HideSolutionNode = FALSE
	EndGlobalSection
	GlobalSection(ExtensibilityGlobals) = postSolution
		SolutionGuid = {5453CBF6-4796-4D33-8B03-39A2F0D6512A}
	EndGlobalSection
EndGlobal
