
Microsoft Visual Studio Solution File, Format Version 12.00
# Visual Studio Version 16
VisualStudioVersion = 16.0.29613.14
MinimumVisualStudioVersion = 10.0.40219.1
Project("{FAE04EC0-301F-11D3-BF4B-00C04F79EFBC}") = "issue32", "issue32\issue32.csproj", "{EDACBD2B-FB55-475F-AE92-5F4B6D2F0B8C}"
EndProject
Global
	GlobalSection(SolutionConfigurationPlatforms) = preSolution
		Debug|Any CPU = Debug|Any CPU
		Release|Any CPU = Release|Any CPU
	EndGlobalSection
	GlobalSection(ProjectConfigurationPlatforms) = postSolution
		{EDACBD2B-FB55-475F-AE92-5F4B6D2F0B8C}.Debug|Any CPU.ActiveCfg = Debug|Any CPU
		{EDACBD2B-FB55-475F-AE92-5F4B6D2F0B8C}.Debug|Any CPU.Build.0 = Debug|Any CPU
		{EDACBD2B-FB55-475F-AE92-5F4B6D2F0B8C}.Release|Any CPU.ActiveCfg = Release|Any CPU
		{EDACBD2B-FB55-475F-AE92-5F4B6D2F0B8C}.Release|Any CPU.Build.0 = Release|Any CPU
	EndGlobalSection
	GlobalSection(SolutionProperties) = preSolution
		HideSolutionNode = FALSE
	EndGlobalSection
	GlobalSection(ExtensibilityGlobals) = postSolution
		SolutionGuid = {616060E7-6B6A-4C3D-8295-43C6FF9F75F0}
	EndGlobalSection
EndGlobal
