
Microsoft Visual Studio Solution File, Format Version 12.00
# Visual Studio Version 16
VisualStudioVersion = 16.0.29613.14
MinimumVisualStudioVersion = 10.0.40219.1
Project("{FAE04EC0-301F-11D3-BF4B-00C04F79EFBC}") = "issue16", "issue16\issue16.csproj", "{031565DB-AFBE-4ED0-8CAD-885FDE7ACBB8}"
EndProject
Global
	GlobalSection(SolutionConfigurationPlatforms) = preSolution
		Debug|Any CPU = Debug|Any CPU
		Release|Any CPU = Release|Any CPU
	EndGlobalSection
	GlobalSection(ProjectConfigurationPlatforms) = postSolution
		{031565DB-AFBE-4ED0-8CAD-885FDE7ACBB8}.Debug|Any CPU.ActiveCfg = Debug|Any CPU
		{031565DB-AFBE-4ED0-8CAD-885FDE7ACBB8}.Debug|Any CPU.Build.0 = Debug|Any CPU
		{031565DB-AFBE-4ED0-8CAD-885FDE7ACBB8}.Release|Any CPU.ActiveCfg = Release|Any CPU
		{031565DB-AFBE-4ED0-8CAD-885FDE7ACBB8}.Release|Any CPU.Build.0 = Release|Any CPU
	EndGlobalSection
	GlobalSection(SolutionProperties) = preSolution
		HideSolutionNode = FALSE
	EndGlobalSection
	GlobalSection(ExtensibilityGlobals) = postSolution
		SolutionGuid = {14A704AB-ABDD-48F8-8580-CB8F4F0F29D6}
	EndGlobalSection
EndGlobal
