
Microsoft Visual Studio Solution File, Format Version 12.00
# Visual Studio Version 16
VisualStudioVersion = 16.0.29613.14
MinimumVisualStudioVersion = 10.0.40219.1
Project("{FAE04EC0-301F-11D3-BF4B-00C04F79EFBC}") = "issue61", "issue61\issue61.csproj", "{B826A2DE-1758-48CE-B0D3-6E83D0601B70}"
EndProject
Global
	GlobalSection(SolutionConfigurationPlatforms) = preSolution
		Debug|Any CPU = Debug|Any CPU
		Release|Any CPU = Release|Any CPU
	EndGlobalSection
	GlobalSection(ProjectConfigurationPlatforms) = postSolution
		{B826A2DE-1758-48CE-B0D3-6E83D0601B70}.Debug|Any CPU.ActiveCfg = Debug|Any CPU
		{B826A2DE-1758-48CE-B0D3-6E83D0601B70}.Debug|Any CPU.Build.0 = Debug|Any CPU
		{B826A2DE-1758-48CE-B0D3-6E83D0601B70}.Release|Any CPU.ActiveCfg = Release|Any CPU
		{B826A2DE-1758-48CE-B0D3-6E83D0601B70}.Release|Any CPU.Build.0 = Release|Any CPU
	EndGlobalSection
	GlobalSection(SolutionProperties) = preSolution
		HideSolutionNode = FALSE
	EndGlobalSection
	GlobalSection(ExtensibilityGlobals) = postSolution
		SolutionGuid = {8246BD7D-B563-4D29-B280-C54943B7E043}
	EndGlobalSection
EndGlobal
