
Microsoft Visual Studio Solution File, Format Version 12.00
# Visual Studio Version 16
VisualStudioVersion = 16.0.29613.14
MinimumVisualStudioVersion = 10.0.40219.1
Project("{FAE04EC0-301F-11D3-BF4B-00C04F79EFBC}") = "issue56", "issue56\issue56.csproj", "{7D228C65-EABF-494E-8FA6-2115CEB4AA53}"
EndProject
Global
	GlobalSection(SolutionConfigurationPlatforms) = preSolution
		Debug|Any CPU = Debug|Any CPU
		Release|Any CPU = Release|Any CPU
	EndGlobalSection
	GlobalSection(ProjectConfigurationPlatforms) = postSolution
		{7D228C65-EABF-494E-8FA6-2115CEB4AA53}.Debug|Any CPU.ActiveCfg = Debug|Any CPU
		{7D228C65-EABF-494E-8FA6-2115CEB4AA53}.Debug|Any CPU.Build.0 = Debug|Any CPU
		{7D228C65-EABF-494E-8FA6-2115CEB4AA53}.Release|Any CPU.ActiveCfg = Release|Any CPU
		{7D228C65-EABF-494E-8FA6-2115CEB4AA53}.Release|Any CPU.Build.0 = Release|Any CPU
	EndGlobalSection
	GlobalSection(SolutionProperties) = preSolution
		HideSolutionNode = FALSE
	EndGlobalSection
	GlobalSection(ExtensibilityGlobals) = postSolution
		SolutionGuid = {9DBDF0F2-2A14-46DE-9584-5454D338F191}
	EndGlobalSection
EndGlobal
