
Microsoft Visual Studio Solution File, Format Version 12.00
# Visual Studio Version 16
VisualStudioVersion = 16.0.29613.14
MinimumVisualStudioVersion = 10.0.40219.1
Project("{FAE04EC0-301F-11D3-BF4B-00C04F79EFBC}") = "issue20", "issue20\issue20.csproj", "{989D98D1-5F07-4AB3-9C9B-EC94956ABC9A}"
EndProject
Global
	GlobalSection(SolutionConfigurationPlatforms) = preSolution
		Debug|Any CPU = Debug|Any CPU
		Release|Any CPU = Release|Any CPU
	EndGlobalSection
	GlobalSection(ProjectConfigurationPlatforms) = postSolution
		{989D98D1-5F07-4AB3-9C9B-EC94956ABC9A}.Debug|Any CPU.ActiveCfg = Debug|Any CPU
		{989D98D1-5F07-4AB3-9C9B-EC94956ABC9A}.Debug|Any CPU.Build.0 = Debug|Any CPU
		{989D98D1-5F07-4AB3-9C9B-EC94956ABC9A}.Release|Any CPU.ActiveCfg = Release|Any CPU
		{989D98D1-5F07-4AB3-9C9B-EC94956ABC9A}.Release|Any CPU.Build.0 = Release|Any CPU
	EndGlobalSection
	GlobalSection(SolutionProperties) = preSolution
		HideSolutionNode = FALSE
	EndGlobalSection
	GlobalSection(ExtensibilityGlobals) = postSolution
		SolutionGuid = {EF829000-4419-425B-8944-A1B819571509}
	EndGlobalSection
EndGlobal
