
Microsoft Visual Studio Solution File, Format Version 12.00
# Visual Studio Version 16
VisualStudioVersion = 16.0.29613.14
MinimumVisualStudioVersion = 10.0.40219.1
Project("{FAE04EC0-301F-11D3-BF4B-00C04F79EFBC}") = "issue83", "issue83\issue83.csproj", "{AD9846CF-B824-41E9-9FB0-168AB04AF6C0}"
EndProject
Global
	GlobalSection(SolutionConfigurationPlatforms) = preSolution
		Debug|Any CPU = Debug|Any CPU
		Release|Any CPU = Release|Any CPU
	EndGlobalSection
	GlobalSection(ProjectConfigurationPlatforms) = postSolution
		{AD9846CF-B824-41E9-9FB0-168AB04AF6C0}.Debug|Any CPU.ActiveCfg = Debug|Any CPU
		{AD9846CF-B824-41E9-9FB0-168AB04AF6C0}.Debug|Any CPU.Build.0 = Debug|Any CPU
		{AD9846CF-B824-41E9-9FB0-168AB04AF6C0}.Release|Any CPU.ActiveCfg = Release|Any CPU
		{AD9846CF-B824-41E9-9FB0-168AB04AF6C0}.Release|Any CPU.Build.0 = Release|Any CPU
	EndGlobalSection
	GlobalSection(SolutionProperties) = preSolution
		HideSolutionNode = FALSE
	EndGlobalSection
	GlobalSection(ExtensibilityGlobals) = postSolution
		SolutionGuid = {5BA8A915-538C-4452-ADC5-58184CF68500}
	EndGlobalSection
EndGlobal
