
Microsoft Visual Studio Solution File, Format Version 12.00
# Visual Studio Version 16
VisualStudioVersion = 16.0.29613.14
MinimumVisualStudioVersion = 10.0.40219.1
Project("{FAE04EC0-301F-11D3-BF4B-00C04F79EFBC}") = "issue82", "issue82\issue82.csproj", "{2479BEF2-8D77-487B-AAD9-D8BCE8E2B652}"
EndProject
Global
	GlobalSection(SolutionConfigurationPlatforms) = preSolution
		Debug|Any CPU = Debug|Any CPU
		Release|Any CPU = Release|Any CPU
	EndGlobalSection
	GlobalSection(ProjectConfigurationPlatforms) = postSolution
		{2479BEF2-8D77-487B-AAD9-D8BCE8E2B652}.Debug|Any CPU.ActiveCfg = Debug|Any CPU
		{2479BEF2-8D77-487B-AAD9-D8BCE8E2B652}.Debug|Any CPU.Build.0 = Debug|Any CPU
		{2479BEF2-8D77-487B-AAD9-D8BCE8E2B652}.Release|Any CPU.ActiveCfg = Release|Any CPU
		{2479BEF2-8D77-487B-AAD9-D8BCE8E2B652}.Release|Any CPU.Build.0 = Release|Any CPU
	EndGlobalSection
	GlobalSection(SolutionProperties) = preSolution
		HideSolutionNode = FALSE
	EndGlobalSection
	GlobalSection(ExtensibilityGlobals) = postSolution
		SolutionGuid = {B553F430-A0EA-40A0-B283-BF01B3DB4A84}
	EndGlobalSection
EndGlobal
