
Microsoft Visual Studio Solution File, Format Version 12.00
# Visual Studio Version 16
VisualStudioVersion = 16.0.29613.14
MinimumVisualStudioVersion = 10.0.40219.1
Project("{FAE04EC0-301F-11D3-BF4B-00C04F79EFBC}") = "issue90", "issue90\issue90.csproj", "{AFCDAE9D-3AF6-45CF-B422-DA43B5DA3A61}"
EndProject
Global
	GlobalSection(SolutionConfigurationPlatforms) = preSolution
		Debug|Any CPU = Debug|Any CPU
		Release|Any CPU = Release|Any CPU
	EndGlobalSection
	GlobalSection(ProjectConfigurationPlatforms) = postSolution
		{AFCDAE9D-3AF6-45CF-B422-DA43B5DA3A61}.Debug|Any CPU.ActiveCfg = Debug|Any CPU
		{AFCDAE9D-3AF6-45CF-B422-DA43B5DA3A61}.Debug|Any CPU.Build.0 = Debug|Any CPU
		{AFCDAE9D-3AF6-45CF-B422-DA43B5DA3A61}.Release|Any CPU.ActiveCfg = Release|Any CPU
		{AFCDAE9D-3AF6-45CF-B422-DA43B5DA3A61}.Release|Any CPU.Build.0 = Release|Any CPU
	EndGlobalSection
	GlobalSection(SolutionProperties) = preSolution
		HideSolutionNode = FALSE
	EndGlobalSection
	GlobalSection(ExtensibilityGlobals) = postSolution
		SolutionGuid = {FCD5A93A-A334-4E55-9BFC-529AC5A373E4}
	EndGlobalSection
EndGlobal
