
Microsoft Visual Studio Solution File, Format Version 12.00
# Visual Studio Version 16
VisualStudioVersion = 16.0.29613.14
MinimumVisualStudioVersion = 10.0.40219.1
Project("{FAE04EC0-301F-11D3-BF4B-00C04F79EFBC}") = "issue7", "issue7\issue7.csproj", "{D6EED76F-EA0C-49D5-937F-B1B26EE670BD}"
EndProject
Global
	GlobalSection(SolutionConfigurationPlatforms) = preSolution
		Debug|Any CPU = Debug|Any CPU
		Release|Any CPU = Release|Any CPU
	EndGlobalSection
	GlobalSection(ProjectConfigurationPlatforms) = postSolution
		{D6EED76F-EA0C-49D5-937F-B1B26EE670BD}.Debug|Any CPU.ActiveCfg = Debug|Any CPU
		{D6EED76F-EA0C-49D5-937F-B1B26EE670BD}.Debug|Any CPU.Build.0 = Debug|Any CPU
		{D6EED76F-EA0C-49D5-937F-B1B26EE670BD}.Release|Any CPU.ActiveCfg = Release|Any CPU
		{D6EED76F-EA0C-49D5-937F-B1B26EE670BD}.Release|Any CPU.Build.0 = Release|Any CPU
	EndGlobalSection
	GlobalSection(SolutionProperties) = preSolution
		HideSolutionNode = FALSE
	EndGlobalSection
	GlobalSection(ExtensibilityGlobals) = postSolution
		SolutionGuid = {344D43D6-2697-4A08-BF90-D124857AF860}
	EndGlobalSection
EndGlobal
