
Microsoft Visual Studio Solution File, Format Version 12.00
# Visual Studio Version 16
VisualStudioVersion = 16.0.29613.14
MinimumVisualStudioVersion = 10.0.40219.1
Project("{FAE04EC0-301F-11D3-BF4B-00C04F79EFBC}") = "issue60", "issue60\issue60.csproj", "{61858360-AF75-4A07-B3C5-51C63D5BFD4D}"
EndProject
Global
	GlobalSection(SolutionConfigurationPlatforms) = preSolution
		Debug|Any CPU = Debug|Any CPU
		Release|Any CPU = Release|Any CPU
	EndGlobalSection
	GlobalSection(ProjectConfigurationPlatforms) = postSolution
		{61858360-AF75-4A07-B3C5-51C63D5BFD4D}.Debug|Any CPU.ActiveCfg = Debug|Any CPU
		{61858360-AF75-4A07-B3C5-51C63D5BFD4D}.Debug|Any CPU.Build.0 = Debug|Any CPU
		{61858360-AF75-4A07-B3C5-51C63D5BFD4D}.Release|Any CPU.ActiveCfg = Release|Any CPU
		{61858360-AF75-4A07-B3C5-51C63D5BFD4D}.Release|Any CPU.Build.0 = Release|Any CPU
	EndGlobalSection
	GlobalSection(SolutionProperties) = preSolution
		HideSolutionNode = FALSE
	EndGlobalSection
	GlobalSection(ExtensibilityGlobals) = postSolution
		SolutionGuid = {2EC592E8-6FE1-4804-94FF-AC892427458F}
	EndGlobalSection
EndGlobal
