
Microsoft Visual Studio Solution File, Format Version 12.00
# Visual Studio Version 16
VisualStudioVersion = 16.0.29613.14
MinimumVisualStudioVersion = 10.0.40219.1
Project("{FAE04EC0-301F-11D3-BF4B-00C04F79EFBC}") = "issue39", "issue39\issue39.csproj", "{6ECBF0E5-B21E-4748-9B07-EFB2D16FF82E}"
EndProject
Global
	GlobalSection(SolutionConfigurationPlatforms) = preSolution
		Debug|Any CPU = Debug|Any CPU
		Release|Any CPU = Release|Any CPU
	EndGlobalSection
	GlobalSection(ProjectConfigurationPlatforms) = postSolution
		{6ECBF0E5-B21E-4748-9B07-EFB2D16FF82E}.Debug|Any CPU.ActiveCfg = Debug|Any CPU
		{6ECBF0E5-B21E-4748-9B07-EFB2D16FF82E}.Debug|Any CPU.Build.0 = Debug|Any CPU
		{6ECBF0E5-B21E-4748-9B07-EFB2D16FF82E}.Release|Any CPU.ActiveCfg = Release|Any CPU
		{6ECBF0E5-B21E-4748-9B07-EFB2D16FF82E}.Release|Any CPU.Build.0 = Release|Any CPU
	EndGlobalSection
	GlobalSection(SolutionProperties) = preSolution
		HideSolutionNode = FALSE
	EndGlobalSection
	GlobalSection(ExtensibilityGlobals) = postSolution
		SolutionGuid = {4DE5226C-BE03-45E5-A82C-818DE3619FB9}
	EndGlobalSection
EndGlobal
