
Microsoft Visual Studio Solution File, Format Version 12.00
# Visual Studio Version 16
VisualStudioVersion = 16.0.30225.117
MinimumVisualStudioVersion = 10.0.40219.1
Project("{FAE04EC0-301F-11D3-BF4B-00C04F79EFBC}") = "ConsoleApp1", "ConsoleApp1\ConsoleApp1.csproj", "{4D80F82F-A4DB-452B-B3AF-388B979DE6EB}"
EndProject
Global
	GlobalSection(SolutionConfigurationPlatforms) = preSolution
		Debug|Any CPU = Debug|Any CPU
		Release|Any CPU = Release|Any CPU
	EndGlobalSection
	GlobalSection(ProjectConfigurationPlatforms) = postSolution
		{4D80F82F-A4DB-452B-B3AF-388B979DE6EB}.Debug|Any CPU.ActiveCfg = Debug|Any CPU
		{4D80F82F-A4DB-452B-B3AF-388B979DE6EB}.Debug|Any CPU.Build.0 = Debug|Any CPU
		{4D80F82F-A4DB-452B-B3AF-388B979DE6EB}.Release|Any CPU.ActiveCfg = Release|Any CPU
		{4D80F82F-A4DB-452B-B3AF-388B979DE6EB}.Release|Any CPU.Build.0 = Release|Any CPU
	EndGlobalSection
	GlobalSection(SolutionProperties) = preSolution
		HideSolutionNode = FALSE
	EndGlobalSection
	GlobalSection(ExtensibilityGlobals) = postSolution
		SolutionGuid = {D6334FF0-BA83-41EC-B7A1-D97E71EE59B9}
	EndGlobalSection
EndGlobal
