
Microsoft Visual Studio Solution File, Format Version 12.00
# Visual Studio Version 16
VisualStudioVersion = 16.0.29613.14
MinimumVisualStudioVersion = 10.0.40219.1
Project("{FAE04EC0-301F-11D3-BF4B-00C04F79EFBC}") = "Issue80", "Issue80\Issue80.csproj", "{0C6C6000-1CCC-4AC7-A38D-E31D6E7AEE15}"
EndProject
Global
	GlobalSection(SolutionConfigurationPlatforms) = preSolution
		Debug|Any CPU = Debug|Any CPU
		Release|Any CPU = Release|Any CPU
	EndGlobalSection
	GlobalSection(ProjectConfigurationPlatforms) = postSolution
		{0C6C6000-1CCC-4AC7-A38D-E31D6E7AEE15}.Debug|Any CPU.ActiveCfg = Debug|Any CPU
		{0C6C6000-1CCC-4AC7-A38D-E31D6E7AEE15}.Debug|Any CPU.Build.0 = Debug|Any CPU
		{0C6C6000-1CCC-4AC7-A38D-E31D6E7AEE15}.Release|Any CPU.ActiveCfg = Release|Any CPU
		{0C6C6000-1CCC-4AC7-A38D-E31D6E7AEE15}.Release|Any CPU.Build.0 = Release|Any CPU
	EndGlobalSection
	GlobalSection(SolutionProperties) = preSolution
		HideSolutionNode = FALSE
	EndGlobalSection
	GlobalSection(ExtensibilityGlobals) = postSolution
		SolutionGuid = {B2F1DB5B-8A6D-4557-BE62-C2A13E338A8F}
	EndGlobalSection
EndGlobal
