
Microsoft Visual Studio Solution File, Format Version 12.00
# Visual Studio Version 16
VisualStudioVersion = 16.0.29613.14
MinimumVisualStudioVersion = 10.0.40219.1
Project("{FAE04EC0-301F-11D3-BF4B-00C04F79EFBC}") = "issue72", "issue72\issue72.csproj", "{23153E61-5617-4B2A-AC02-E682291C2AFE}"
EndProject
Global
	GlobalSection(SolutionConfigurationPlatforms) = preSolution
		Debug|Any CPU = Debug|Any CPU
		Release|Any CPU = Release|Any CPU
	EndGlobalSection
	GlobalSection(ProjectConfigurationPlatforms) = postSolution
		{23153E61-5617-4B2A-AC02-E682291C2AFE}.Debug|Any CPU.ActiveCfg = Debug|Any CPU
		{23153E61-5617-4B2A-AC02-E682291C2AFE}.Debug|Any CPU.Build.0 = Debug|Any CPU
		{23153E61-5617-4B2A-AC02-E682291C2AFE}.Release|Any CPU.ActiveCfg = Release|Any CPU
		{23153E61-5617-4B2A-AC02-E682291C2AFE}.Release|Any CPU.Build.0 = Release|Any CPU
	EndGlobalSection
	GlobalSection(SolutionProperties) = preSolution
		HideSolutionNode = FALSE
	EndGlobalSection
	GlobalSection(ExtensibilityGlobals) = postSolution
		SolutionGuid = {0DD0FD39-17AA-4006-A4D7-FED94E7E3080}
	EndGlobalSection
EndGlobal
