
Microsoft Visual Studio Solution File, Format Version 12.00
# Visual Studio Version 16
VisualStudioVersion = 16.0.29613.14
MinimumVisualStudioVersion = 10.0.40219.1
Project("{FAE04EC0-301F-11D3-BF4B-00C04F79EFBC}") = "issue66", "issue66\issue66.csproj", "{2FB16EE3-68E4-4E42-9103-D615EFBABFB0}"
EndProject
Global
	GlobalSection(SolutionConfigurationPlatforms) = preSolution
		Debug|Any CPU = Debug|Any CPU
		Release|Any CPU = Release|Any CPU
	EndGlobalSection
	GlobalSection(ProjectConfigurationPlatforms) = postSolution
		{2FB16EE3-68E4-4E42-9103-D615EFBABFB0}.Debug|Any CPU.ActiveCfg = Debug|Any CPU
		{2FB16EE3-68E4-4E42-9103-D615EFBABFB0}.Debug|Any CPU.Build.0 = Debug|Any CPU
		{2FB16EE3-68E4-4E42-9103-D615EFBABFB0}.Release|Any CPU.ActiveCfg = Release|Any CPU
		{2FB16EE3-68E4-4E42-9103-D615EFBABFB0}.Release|Any CPU.Build.0 = Release|Any CPU
	EndGlobalSection
	GlobalSection(SolutionProperties) = preSolution
		HideSolutionNode = FALSE
	EndGlobalSection
	GlobalSection(ExtensibilityGlobals) = postSolution
		SolutionGuid = {E4E60F21-F37F-47B7-93F1-FD820CAC93F9}
	EndGlobalSection
EndGlobal
